# This file is automatically @generated by Cargo.
# It is not intended for manual editing.
version = 4

[[package]]
name = "auralis-cli"
version = "0.0.0"

[[package]]
name = "auralis-codec"
version = "0.0.0"

[[package]]
name = "auralis-core"
version = "0.0.0"

[[package]]
name = "auralis-dsp"
version = "0.0.0"

[[package]]
name = "auralis-effects"
version = "0.0.0"

[[package]]
name = "auralis-simd"
version = "0.0.0"

[[package]]
name = "auralis-testkit"
version = "0.0.0"

[[package]]
name = "auralis-wav"
version = "0.0.0"
